
Microsoft Visual Studio Solution File, Format Version 12.00
# Visual Studio Version 16
VisualStudioVersion = 16.0.30309.148
MinimumVisualStudioVersion = 10.0.40219.1
Project("{9A19103F-16F7-4668-BE54-9A1E7A4F7556}") = "Merge two sorted arrays", "Merge two sorted arrays\Merge two sorted arrays.csproj", "{CAD0E4C4-A263-4683-ACFF-B2BAE85DADAF}"
EndProject
Project("{9A19103F-16F7-4668-BE54-9A1E7A4F7556}") = "2-Quick Sort Algorithm", "Quick Sort Algorithm\2-Quick Sort Algorithm.csproj", "{56C6CBAF-1184-4438-9F22-985A7AEB6D54}"
EndProject
Project("{9A19103F-16F7-4668-BE54-9A1E7A4F7556}") = "Quick Sort Algorithm Recursion", "Quick Sort Algorithm Recursion\Quick Sort Algorithm Recursion.csproj", "{00783D6D-EA6F-4412-B252-A7EC4C52F1A4}"
EndProject
Project("{9A19103F-16F7-4668-BE54-9A1E7A4F7556}") = "Math Function", "Math Function\Math Function.csproj", "{59A5AE25-3B99-46EE-9773-928CB1B3DF90}"
EndProject
Project("{9A19103F-16F7-4668-BE54-9A1E7A4F7556}") = "Min Heap", "Min Heap\Min Heap.csproj", "{5CA1BFD5-F913-4C07-8D90-E2AF8575AE3A}"
EndProject
Project("{9A19103F-16F7-4668-BE54-9A1E7A4F7556}") = "Prime Numbers", "Prime Numbers\Prime Numbers.csproj", "{1CDE9738-58F1-44F0-A637-E4A9E14F8381}"
EndProject
Project("{9A19103F-16F7-4668-BE54-9A1E7A4F7556}") = "Binary Search", "Binary Search\Binary Search.csproj", "{55EF5946-7487-4965-A82C-E8A7401C09F2}"
EndProject
Project("{9A19103F-16F7-4668-BE54-9A1E7A4F7556}") = "1-Selection Sort", "Selection Sort\1-Selection Sort.csproj", "{3E758D71-70AE-47F4-B7BC-7E8AF735DF8F}"
EndProject
Project("{9A19103F-16F7-4668-BE54-9A1E7A4F7556}") = "Brute-Force Algorithm", "Brute Force Algorithm\Brute-Force Algorithm.csproj", "{4B0EB561-2ECD-436D-B8D1-959A0E26F519}"
EndProject
Project("{9A19103F-16F7-4668-BE54-9A1E7A4F7556}") = "Knapsack problem", "Knapsack problem\Knapsack problem.csproj", "{DCF175F2-FE77-4EAC-A4A7-F27DEE77EAE9}"
EndProject
Project("{9A19103F-16F7-4668-BE54-9A1E7A4F7556}") = "Bellman–Ford Algorithm", "Bellman–Ford Algorithm\Bellman–Ford Algorithm.csproj", "{5949CF56-3014-4EE4-810B-63B9063C9D4B}"
EndProject
Project("{9A19103F-16F7-4668-BE54-9A1E7A4F7556}") = "Floyd–Warshall", "Floyd–Warshall\Floyd–Warshall.csproj", "{CE40C706-AAB4-4B4A-B476-4158297D8B85}"
EndProject
Project("{9A19103F-16F7-4668-BE54-9A1E7A4F7556}") = "DFS(Depth First Search using List)", "Depth First Search using List\DFS(Depth First Search using List).csproj", "{2CEA222A-F2D7-4323-A9F6-7241EA592CD5}"
EndProject
Project("{9A19103F-16F7-4668-BE54-9A1E7A4F7556}") = "Merge sort Recursive", "Merge sort\Merge sort Recursive.csproj", "{DAA5A428-E1B5-4E65-9367-2FB301D7A82F}"
EndProject
Project("{9A19103F-16F7-4668-BE54-9A1E7A4F7556}") = "Heap sort", "Heap sort\Heap sort.csproj", "{32DD2E11-7396-42DD-A49A-6D6397663544}"
EndProject
Project("{9A19103F-16F7-4668-BE54-9A1E7A4F7556}") = "Breadth First Search (BFS)", "Breadth First Search (BFS)\Breadth First Search (BFS).csproj", "{1FB3C7DD-AB89-4801-B13D-4547D74CCB0D}"
EndProject
Project("{9A19103F-16F7-4668-BE54-9A1E7A4F7556}") = "Coin change problem (Greedy algorithm)", "Coin change problem (Greedy algorithm)\Coin change problem (Greedy algorithm).csproj", "{4485D0EC-B649-4F9B-9AF5-847493175489}"
EndProject
Project("{9A19103F-16F7-4668-BE54-9A1E7A4F7556}") = "DFS", "DFS\DFS.csproj", "{E38FEDDB-82B8-4141-94DF-AA3F478B1A99}"
EndProject
Project("{9A19103F-16F7-4668-BE54-9A1E7A4F7556}") = "Fibonacci", "Fibonacci\Fibonacci.csproj", "{C44A20D9-A642-49E7-ADAC-2B67A7DD8435}"
EndProject
Project("{9A19103F-16F7-4668-BE54-9A1E7A4F7556}") = "Factorial", "Factorial\Factorial.csproj", "{5D7E8554-DEB9-4B7F-B94A-E79D5DFFC7FC}"
EndProject
Project("{2150E333-8FDC-42A3-9474-1A3956D46DE8}") = "Sort", "Sort", "{1BEC1C2A-216D-48C7-B6B6-5E0B27EA8C00}"
EndProject
Project("{2150E333-8FDC-42A3-9474-1A3956D46DE8}") = "ProblemSolving", "ProblemSolving", "{12B2B30C-7ABF-4807-A815-33806E5EBBF2}"
EndProject
Project("{2150E333-8FDC-42A3-9474-1A3956D46DE8}") = "Search", "Search", "{E47C390A-4829-4B7A-B56A-E7EDE538E61A}"
EndProject
Project("{9A19103F-16F7-4668-BE54-9A1E7A4F7556}") = "Number of Islands", "Number of Islands\Number of Islands.csproj", "{77B1A80A-71BE-4A7D-BBF2-70BA6463A4A9}"
EndProject
Project("{9A19103F-16F7-4668-BE54-9A1E7A4F7556}") = "Merge Sort2", "Merge Sort2\Merge Sort2.csproj", "{32895657-697B-4B7C-9812-185390A17EF0}"
EndProject
Project("{9A19103F-16F7-4668-BE54-9A1E7A4F7556}") = "Remove Duplicate", "Remove Duplicate\Remove Duplicate.csproj", "{A9DD34E6-3497-4944-AC61-0F5674219344}"
EndProject
Project("{2150E333-8FDC-42A3-9474-1A3956D46DE8}") = "Data structure", "Data structure", "{D86DB7CF-3B9C-49DB-A78E-678632AA7AAE}"
EndProject
Project("{9A19103F-16F7-4668-BE54-9A1E7A4F7556}") = "3-Merge Sort", "3-Merge Sort\3-Merge Sort.csproj", "{E2A9A16F-87B9-4C4D-ACE6-3A1B5DCDFA3A}"
EndProject
Project("{9A19103F-16F7-4668-BE54-9A1E7A4F7556}") = "4-Bubble Sort", "4-Bubble Sort\4-Bubble Sort.csproj", "{577024D5-5D5D-4F0C-B81C-743C1980D17F}"
EndProject
Project("{9A19103F-16F7-4668-BE54-9A1E7A4F7556}") = "Most Frequency", "Most Frequency\Most Frequency.csproj", "{1C24D128-A7F4-42E3-AEEA-323660F99867}"
EndProject
Project("{9A19103F-16F7-4668-BE54-9A1E7A4F7556}") = "Symmetric Pairs", "Symmetric Pairs\Symmetric Pairs.csproj", "{314BEB4C-8828-444F-9632-119987D5C94D}"
EndProject
Project("{9A19103F-16F7-4668-BE54-9A1E7A4F7556}") = "Union and Intersection", "Union and Intersection\Union and Intersection.csproj", "{158430EA-63A7-487B-9CAC-167EEFD5C72A}"
EndProject
Project("{9A19103F-16F7-4668-BE54-9A1E7A4F7556}") = "Common elements in three sorted arrays", "Common elements in three sorted arrays\Common elements in three sorted arrays.csproj", "{8689EF7E-91F5-43CA-A6B2-DAD99FDDA00D}"
EndProject
Project("{9A19103F-16F7-4668-BE54-9A1E7A4F7556}") = "1-Singly Linked List", "1-Singly Linked List\1-Singly Linked List.csproj", "{C4BE6DB0-C075-4A49-A680-78354E4E6FEC}"
EndProject
Project("{9A19103F-16F7-4668-BE54-9A1E7A4F7556}") = "2-Circular Linked List", "2-Circular Linked List\2-Circular Linked List.csproj", "{50D3F0CE-4594-4F84-ABF4-44919B7FF37C}"
EndProject
Project("{9A19103F-16F7-4668-BE54-9A1E7A4F7556}") = "3-Doubly Linked List", "3-Doubly Linked List\3-Doubly Linked List.csproj", "{86713C59-9D04-4A3B-A8E5-E0F539B09CCE}"
EndProject
Project("{9A19103F-16F7-4668-BE54-9A1E7A4F7556}") = "Integer Reverse", "Integer Reverse\Integer Reverse.csproj", "{E27510CB-F8BF-437D-B397-63C258B3A87E}"
EndProject
Project("{9A19103F-16F7-4668-BE54-9A1E7A4F7556}") = "Crawler Coding Challenge", "Crawler Coding Challenge\Crawler Coding Challenge.csproj", "{002C6514-F9F2-4A09-97CA-C857766C05C5}"
EndProject
Global
	GlobalSection(SolutionConfigurationPlatforms) = preSolution
		Debug|Any CPU = Debug|Any CPU
		Release|Any CPU = Release|Any CPU
	EndGlobalSection
	GlobalSection(ProjectConfigurationPlatforms) = postSolution
		{CAD0E4C4-A263-4683-ACFF-B2BAE85DADAF}.Debug|Any CPU.ActiveCfg = Debug|Any CPU
		{CAD0E4C4-A263-4683-ACFF-B2BAE85DADAF}.Debug|Any CPU.Build.0 = Debug|Any CPU
		{CAD0E4C4-A263-4683-ACFF-B2BAE85DADAF}.Release|Any CPU.ActiveCfg = Release|Any CPU
		{CAD0E4C4-A263-4683-ACFF-B2BAE85DADAF}.Release|Any CPU.Build.0 = Release|Any CPU
		{56C6CBAF-1184-4438-9F22-985A7AEB6D54}.Debug|Any CPU.ActiveCfg = Debug|Any CPU
		{56C6CBAF-1184-4438-9F22-985A7AEB6D54}.Debug|Any CPU.Build.0 = Debug|Any CPU
		{56C6CBAF-1184-4438-9F22-985A7AEB6D54}.Release|Any CPU.ActiveCfg = Release|Any CPU
		{56C6CBAF-1184-4438-9F22-985A7AEB6D54}.Release|Any CPU.Build.0 = Release|Any CPU
		{00783D6D-EA6F-4412-B252-A7EC4C52F1A4}.Debug|Any CPU.ActiveCfg = Debug|Any CPU
		{00783D6D-EA6F-4412-B252-A7EC4C52F1A4}.Debug|Any CPU.Build.0 = Debug|Any CPU
		{00783D6D-EA6F-4412-B252-A7EC4C52F1A4}.Release|Any CPU.ActiveCfg = Release|Any CPU
		{00783D6D-EA6F-4412-B252-A7EC4C52F1A4}.Release|Any CPU.Build.0 = Release|Any CPU
		{59A5AE25-3B99-46EE-9773-928CB1B3DF90}.Debug|Any CPU.ActiveCfg = Debug|Any CPU
		{59A5AE25-3B99-46EE-9773-928CB1B3DF90}.Debug|Any CPU.Build.0 = Debug|Any CPU
		{59A5AE25-3B99-46EE-9773-928CB1B3DF90}.Release|Any CPU.ActiveCfg = Release|Any CPU
		{59A5AE25-3B99-46EE-9773-928CB1B3DF90}.Release|Any CPU.Build.0 = Release|Any CPU
		{5CA1BFD5-F913-4C07-8D90-E2AF8575AE3A}.Debug|Any CPU.ActiveCfg = Debug|Any CPU
		{5CA1BFD5-F913-4C07-8D90-E2AF8575AE3A}.Debug|Any CPU.Build.0 = Debug|Any CPU
		{5CA1BFD5-F913-4C07-8D90-E2AF8575AE3A}.Release|Any CPU.ActiveCfg = Release|Any CPU
		{5CA1BFD5-F913-4C07-8D90-E2AF8575AE3A}.Release|Any CPU.Build.0 = Release|Any CPU
		{1CDE9738-58F1-44F0-A637-E4A9E14F8381}.Debug|Any CPU.ActiveCfg = Debug|Any CPU
		{1CDE9738-58F1-44F0-A637-E4A9E14F8381}.Debug|Any CPU.Build.0 = Debug|Any CPU
		{1CDE9738-58F1-44F0-A637-E4A9E14F8381}.Release|Any CPU.ActiveCfg = Release|Any CPU
		{1CDE9738-58F1-44F0-A637-E4A9E14F8381}.Release|Any CPU.Build.0 = Release|Any CPU
		{55EF5946-7487-4965-A82C-E8A7401C09F2}.Debug|Any CPU.ActiveCfg = Debug|Any CPU
		{55EF5946-7487-4965-A82C-E8A7401C09F2}.Debug|Any CPU.Build.0 = Debug|Any CPU
		{55EF5946-7487-4965-A82C-E8A7401C09F2}.Release|Any CPU.ActiveCfg = Release|Any CPU
		{55EF5946-7487-4965-A82C-E8A7401C09F2}.Release|Any CPU.Build.0 = Release|Any CPU
		{3E758D71-70AE-47F4-B7BC-7E8AF735DF8F}.Debug|Any CPU.ActiveCfg = Debug|Any CPU
		{3E758D71-70AE-47F4-B7BC-7E8AF735DF8F}.Debug|Any CPU.Build.0 = Debug|Any CPU
		{3E758D71-70AE-47F4-B7BC-7E8AF735DF8F}.Release|Any CPU.ActiveCfg = Release|Any CPU
		{3E758D71-70AE-47F4-B7BC-7E8AF735DF8F}.Release|Any CPU.Build.0 = Release|Any CPU
		{4B0EB561-2ECD-436D-B8D1-959A0E26F519}.Debug|Any CPU.ActiveCfg = Debug|Any CPU
		{4B0EB561-2ECD-436D-B8D1-959A0E26F519}.Debug|Any CPU.Build.0 = Debug|Any CPU
		{4B0EB561-2ECD-436D-B8D1-959A0E26F519}.Release|Any CPU.ActiveCfg = Release|Any CPU
		{4B0EB561-2ECD-436D-B8D1-959A0E26F519}.Release|Any CPU.Build.0 = Release|Any CPU
		{DCF175F2-FE77-4EAC-A4A7-F27DEE77EAE9}.Debug|Any CPU.ActiveCfg = Debug|Any CPU
		{DCF175F2-FE77-4EAC-A4A7-F27DEE77EAE9}.Debug|Any CPU.Build.0 = Debug|Any CPU
		{DCF175F2-FE77-4EAC-A4A7-F27DEE77EAE9}.Release|Any CPU.ActiveCfg = Release|Any CPU
		{DCF175F2-FE77-4EAC-A4A7-F27DEE77EAE9}.Release|Any CPU.Build.0 = Release|Any CPU
		{5949CF56-3014-4EE4-810B-63B9063C9D4B}.Debug|Any CPU.ActiveCfg = Debug|Any CPU
		{5949CF56-3014-4EE4-810B-63B9063C9D4B}.Debug|Any CPU.Build.0 = Debug|Any CPU
		{5949CF56-3014-4EE4-810B-63B9063C9D4B}.Release|Any CPU.ActiveCfg = Release|Any CPU
		{5949CF56-3014-4EE4-810B-63B9063C9D4B}.Release|Any CPU.Build.0 = Release|Any CPU
		{CE40C706-AAB4-4B4A-B476-4158297D8B85}.Debug|Any CPU.ActiveCfg = Debug|Any CPU
		{CE40C706-AAB4-4B4A-B476-4158297D8B85}.Debug|Any CPU.Build.0 = Debug|Any CPU
		{CE40C706-AAB4-4B4A-B476-4158297D8B85}.Release|Any CPU.ActiveCfg = Release|Any CPU
		{CE40C706-AAB4-4B4A-B476-4158297D8B85}.Release|Any CPU.Build.0 = Release|Any CPU
		{2CEA222A-F2D7-4323-A9F6-7241EA592CD5}.Debug|Any CPU.ActiveCfg = Debug|Any CPU
		{2CEA222A-F2D7-4323-A9F6-7241EA592CD5}.Debug|Any CPU.Build.0 = Debug|Any CPU
		{2CEA222A-F2D7-4323-A9F6-7241EA592CD5}.Release|Any CPU.ActiveCfg = Release|Any CPU
		{2CEA222A-F2D7-4323-A9F6-7241EA592CD5}.Release|Any CPU.Build.0 = Release|Any CPU
		{DAA5A428-E1B5-4E65-9367-2FB301D7A82F}.Debug|Any CPU.ActiveCfg = Debug|Any CPU
		{DAA5A428-E1B5-4E65-9367-2FB301D7A82F}.Debug|Any CPU.Build.0 = Debug|Any CPU
		{DAA5A428-E1B5-4E65-9367-2FB301D7A82F}.Release|Any CPU.ActiveCfg = Release|Any CPU
		{DAA5A428-E1B5-4E65-9367-2FB301D7A82F}.Release|Any CPU.Build.0 = Release|Any CPU
		{32DD2E11-7396-42DD-A49A-6D6397663544}.Debug|Any CPU.ActiveCfg = Debug|Any CPU
		{32DD2E11-7396-42DD-A49A-6D6397663544}.Debug|Any CPU.Build.0 = Debug|Any CPU
		{32DD2E11-7396-42DD-A49A-6D6397663544}.Release|Any CPU.ActiveCfg = Release|Any CPU
		{32DD2E11-7396-42DD-A49A-6D6397663544}.Release|Any CPU.Build.0 = Release|Any CPU
		{1FB3C7DD-AB89-4801-B13D-4547D74CCB0D}.Debug|Any CPU.ActiveCfg = Debug|Any CPU
		{1FB3C7DD-AB89-4801-B13D-4547D74CCB0D}.Debug|Any CPU.Build.0 = Debug|Any CPU
		{1FB3C7DD-AB89-4801-B13D-4547D74CCB0D}.Release|Any CPU.ActiveCfg = Release|Any CPU
		{1FB3C7DD-AB89-4801-B13D-4547D74CCB0D}.Release|Any CPU.Build.0 = Release|Any CPU
		{4485D0EC-B649-4F9B-9AF5-847493175489}.Debug|Any CPU.ActiveCfg = Debug|Any CPU
		{4485D0EC-B649-4F9B-9AF5-847493175489}.Debug|Any CPU.Build.0 = Debug|Any CPU
		{4485D0EC-B649-4F9B-9AF5-847493175489}.Release|Any CPU.ActiveCfg = Release|Any CPU
		{4485D0EC-B649-4F9B-9AF5-847493175489}.Release|Any CPU.Build.0 = Release|Any CPU
		{E38FEDDB-82B8-4141-94DF-AA3F478B1A99}.Debug|Any CPU.ActiveCfg = Debug|Any CPU
		{E38FEDDB-82B8-4141-94DF-AA3F478B1A99}.Debug|Any CPU.Build.0 = Debug|Any CPU
		{E38FEDDB-82B8-4141-94DF-AA3F478B1A99}.Release|Any CPU.ActiveCfg = Release|Any CPU
		{E38FEDDB-82B8-4141-94DF-AA3F478B1A99}.Release|Any CPU.Build.0 = Release|Any CPU
		{C44A20D9-A642-49E7-ADAC-2B67A7DD8435}.Debug|Any CPU.ActiveCfg = Debug|Any CPU
		{C44A20D9-A642-49E7-ADAC-2B67A7DD8435}.Debug|Any CPU.Build.0 = Debug|Any CPU
		{C44A20D9-A642-49E7-ADAC-2B67A7DD8435}.Release|Any CPU.ActiveCfg = Release|Any CPU
		{C44A20D9-A642-49E7-ADAC-2B67A7DD8435}.Release|Any CPU.Build.0 = Release|Any CPU
		{5D7E8554-DEB9-4B7F-B94A-E79D5DFFC7FC}.Debug|Any CPU.ActiveCfg = Debug|Any CPU
		{5D7E8554-DEB9-4B7F-B94A-E79D5DFFC7FC}.Debug|Any CPU.Build.0 = Debug|Any CPU
		{5D7E8554-DEB9-4B7F-B94A-E79D5DFFC7FC}.Release|Any CPU.ActiveCfg = Release|Any CPU
		{5D7E8554-DEB9-4B7F-B94A-E79D5DFFC7FC}.Release|Any CPU.Build.0 = Release|Any CPU
		{77B1A80A-71BE-4A7D-BBF2-70BA6463A4A9}.Debug|Any CPU.ActiveCfg = Debug|Any CPU
		{77B1A80A-71BE-4A7D-BBF2-70BA6463A4A9}.Debug|Any CPU.Build.0 = Debug|Any CPU
		{77B1A80A-71BE-4A7D-BBF2-70BA6463A4A9}.Release|Any CPU.ActiveCfg = Release|Any CPU
		{77B1A80A-71BE-4A7D-BBF2-70BA6463A4A9}.Release|Any CPU.Build.0 = Release|Any CPU
		{32895657-697B-4B7C-9812-185390A17EF0}.Debug|Any CPU.ActiveCfg = Debug|Any CPU
		{32895657-697B-4B7C-9812-185390A17EF0}.Debug|Any CPU.Build.0 = Debug|Any CPU
		{32895657-697B-4B7C-9812-185390A17EF0}.Release|Any CPU.ActiveCfg = Release|Any CPU
		{32895657-697B-4B7C-9812-185390A17EF0}.Release|Any CPU.Build.0 = Release|Any CPU
		{A9DD34E6-3497-4944-AC61-0F5674219344}.Debug|Any CPU.ActiveCfg = Debug|Any CPU
		{A9DD34E6-3497-4944-AC61-0F5674219344}.Debug|Any CPU.Build.0 = Debug|Any CPU
		{A9DD34E6-3497-4944-AC61-0F5674219344}.Release|Any CPU.ActiveCfg = Release|Any CPU
		{A9DD34E6-3497-4944-AC61-0F5674219344}.Release|Any CPU.Build.0 = Release|Any CPU
		{E2A9A16F-87B9-4C4D-ACE6-3A1B5DCDFA3A}.Debug|Any CPU.ActiveCfg = Debug|Any CPU
		{E2A9A16F-87B9-4C4D-ACE6-3A1B5DCDFA3A}.Debug|Any CPU.Build.0 = Debug|Any CPU
		{E2A9A16F-87B9-4C4D-ACE6-3A1B5DCDFA3A}.Release|Any CPU.ActiveCfg = Release|Any CPU
		{E2A9A16F-87B9-4C4D-ACE6-3A1B5DCDFA3A}.Release|Any CPU.Build.0 = Release|Any CPU
		{577024D5-5D5D-4F0C-B81C-743C1980D17F}.Debug|Any CPU.ActiveCfg = Debug|Any CPU
		{577024D5-5D5D-4F0C-B81C-743C1980D17F}.Debug|Any CPU.Build.0 = Debug|Any CPU
		{577024D5-5D5D-4F0C-B81C-743C1980D17F}.Release|Any CPU.ActiveCfg = Release|Any CPU
		{577024D5-5D5D-4F0C-B81C-743C1980D17F}.Release|Any CPU.Build.0 = Release|Any CPU
		{1C24D128-A7F4-42E3-AEEA-323660F99867}.Debug|Any CPU.ActiveCfg = Debug|Any CPU
		{1C24D128-A7F4-42E3-AEEA-323660F99867}.Debug|Any CPU.Build.0 = Debug|Any CPU
		{1C24D128-A7F4-42E3-AEEA-323660F99867}.Release|Any CPU.ActiveCfg = Release|Any CPU
		{1C24D128-A7F4-42E3-AEEA-323660F99867}.Release|Any CPU.Build.0 = Release|Any CPU
		{314BEB4C-8828-444F-9632-119987D5C94D}.Debug|Any CPU.ActiveCfg = Debug|Any CPU
		{314BEB4C-8828-444F-9632-119987D5C94D}.Debug|Any CPU.Build.0 = Debug|Any CPU
		{314BEB4C-8828-444F-9632-119987D5C94D}.Release|Any CPU.ActiveCfg = Release|Any CPU
		{314BEB4C-8828-444F-9632-119987D5C94D}.Release|Any CPU.Build.0 = Release|Any CPU
		{158430EA-63A7-487B-9CAC-167EEFD5C72A}.Debug|Any CPU.ActiveCfg = Debug|Any CPU
		{158430EA-63A7-487B-9CAC-167EEFD5C72A}.Debug|Any CPU.Build.0 = Debug|Any CPU
		{158430EA-63A7-487B-9CAC-167EEFD5C72A}.Release|Any CPU.ActiveCfg = Release|Any CPU
		{158430EA-63A7-487B-9CAC-167EEFD5C72A}.Release|Any CPU.Build.0 = Release|Any CPU
		{8689EF7E-91F5-43CA-A6B2-DAD99FDDA00D}.Debug|Any CPU.ActiveCfg = Debug|Any CPU
		{8689EF7E-91F5-43CA-A6B2-DAD99FDDA00D}.Debug|Any CPU.Build.0 = Debug|Any CPU
		{8689EF7E-91F5-43CA-A6B2-DAD99FDDA00D}.Release|Any CPU.ActiveCfg = Release|Any CPU
		{8689EF7E-91F5-43CA-A6B2-DAD99FDDA00D}.Release|Any CPU.Build.0 = Release|Any CPU
		{C4BE6DB0-C075-4A49-A680-78354E4E6FEC}.Debug|Any CPU.ActiveCfg = Debug|Any CPU
		{C4BE6DB0-C075-4A49-A680-78354E4E6FEC}.Debug|Any CPU.Build.0 = Debug|Any CPU
		{C4BE6DB0-C075-4A49-A680-78354E4E6FEC}.Release|Any CPU.ActiveCfg = Release|Any CPU
		{C4BE6DB0-C075-4A49-A680-78354E4E6FEC}.Release|Any CPU.Build.0 = Release|Any CPU
		{50D3F0CE-4594-4F84-ABF4-44919B7FF37C}.Debug|Any CPU.ActiveCfg = Debug|Any CPU
		{50D3F0CE-4594-4F84-ABF4-44919B7FF37C}.Debug|Any CPU.Build.0 = Debug|Any CPU
		{50D3F0CE-4594-4F84-ABF4-44919B7FF37C}.Release|Any CPU.ActiveCfg = Release|Any CPU
		{50D3F0CE-4594-4F84-ABF4-44919B7FF37C}.Release|Any CPU.Build.0 = Release|Any CPU
		{86713C59-9D04-4A3B-A8E5-E0F539B09CCE}.Debug|Any CPU.ActiveCfg = Debug|Any CPU
		{86713C59-9D04-4A3B-A8E5-E0F539B09CCE}.Debug|Any CPU.Build.0 = Debug|Any CPU
		{86713C59-9D04-4A3B-A8E5-E0F539B09CCE}.Release|Any CPU.ActiveCfg = Release|Any CPU
		{86713C59-9D04-4A3B-A8E5-E0F539B09CCE}.Release|Any CPU.Build.0 = Release|Any CPU
		{E27510CB-F8BF-437D-B397-63C258B3A87E}.Debug|Any CPU.ActiveCfg = Debug|Any CPU
		{E27510CB-F8BF-437D-B397-63C258B3A87E}.Debug|Any CPU.Build.0 = Debug|Any CPU
		{E27510CB-F8BF-437D-B397-63C258B3A87E}.Release|Any CPU.ActiveCfg = Release|Any CPU
		{E27510CB-F8BF-437D-B397-63C258B3A87E}.Release|Any CPU.Build.0 = Release|Any CPU
		{002C6514-F9F2-4A09-97CA-C857766C05C5}.Debug|Any CPU.ActiveCfg = Debug|Any CPU
		{002C6514-F9F2-4A09-97CA-C857766C05C5}.Debug|Any CPU.Build.0 = Debug|Any CPU
		{002C6514-F9F2-4A09-97CA-C857766C05C5}.Release|Any CPU.ActiveCfg = Release|Any CPU
		{002C6514-F9F2-4A09-97CA-C857766C05C5}.Release|Any CPU.Build.0 = Release|Any CPU
	EndGlobalSection
	GlobalSection(SolutionProperties) = preSolution
		HideSolutionNode = FALSE
	EndGlobalSection
	GlobalSection(NestedProjects) = preSolution
		{CAD0E4C4-A263-4683-ACFF-B2BAE85DADAF} = {12B2B30C-7ABF-4807-A815-33806E5EBBF2}
		{56C6CBAF-1184-4438-9F22-985A7AEB6D54} = {1BEC1C2A-216D-48C7-B6B6-5E0B27EA8C00}
		{00783D6D-EA6F-4412-B252-A7EC4C52F1A4} = {1BEC1C2A-216D-48C7-B6B6-5E0B27EA8C00}
		{59A5AE25-3B99-46EE-9773-928CB1B3DF90} = {12B2B30C-7ABF-4807-A815-33806E5EBBF2}
		{5CA1BFD5-F913-4C07-8D90-E2AF8575AE3A} = {E47C390A-4829-4B7A-B56A-E7EDE538E61A}
		{1CDE9738-58F1-44F0-A637-E4A9E14F8381} = {12B2B30C-7ABF-4807-A815-33806E5EBBF2}
		{55EF5946-7487-4965-A82C-E8A7401C09F2} = {E47C390A-4829-4B7A-B56A-E7EDE538E61A}
		{3E758D71-70AE-47F4-B7BC-7E8AF735DF8F} = {1BEC1C2A-216D-48C7-B6B6-5E0B27EA8C00}
		{2CEA222A-F2D7-4323-A9F6-7241EA592CD5} = {E47C390A-4829-4B7A-B56A-E7EDE538E61A}
		{DAA5A428-E1B5-4E65-9367-2FB301D7A82F} = {1BEC1C2A-216D-48C7-B6B6-5E0B27EA8C00}
		{32DD2E11-7396-42DD-A49A-6D6397663544} = {1BEC1C2A-216D-48C7-B6B6-5E0B27EA8C00}
		{1FB3C7DD-AB89-4801-B13D-4547D74CCB0D} = {E47C390A-4829-4B7A-B56A-E7EDE538E61A}
		{E38FEDDB-82B8-4141-94DF-AA3F478B1A99} = {E47C390A-4829-4B7A-B56A-E7EDE538E61A}
		{C44A20D9-A642-49E7-ADAC-2B67A7DD8435} = {12B2B30C-7ABF-4807-A815-33806E5EBBF2}
		{5D7E8554-DEB9-4B7F-B94A-E79D5DFFC7FC} = {12B2B30C-7ABF-4807-A815-33806E5EBBF2}
		{77B1A80A-71BE-4A7D-BBF2-70BA6463A4A9} = {12B2B30C-7ABF-4807-A815-33806E5EBBF2}
		{32895657-697B-4B7C-9812-185390A17EF0} = {1BEC1C2A-216D-48C7-B6B6-5E0B27EA8C00}
		{A9DD34E6-3497-4944-AC61-0F5674219344} = {12B2B30C-7ABF-4807-A815-33806E5EBBF2}
		{E2A9A16F-87B9-4C4D-ACE6-3A1B5DCDFA3A} = {1BEC1C2A-216D-48C7-B6B6-5E0B27EA8C00}
		{577024D5-5D5D-4F0C-B81C-743C1980D17F} = {1BEC1C2A-216D-48C7-B6B6-5E0B27EA8C00}
		{1C24D128-A7F4-42E3-AEEA-323660F99867} = {12B2B30C-7ABF-4807-A815-33806E5EBBF2}
		{314BEB4C-8828-444F-9632-119987D5C94D} = {12B2B30C-7ABF-4807-A815-33806E5EBBF2}
		{158430EA-63A7-487B-9CAC-167EEFD5C72A} = {12B2B30C-7ABF-4807-A815-33806E5EBBF2}
		{8689EF7E-91F5-43CA-A6B2-DAD99FDDA00D} = {12B2B30C-7ABF-4807-A815-33806E5EBBF2}
		{C4BE6DB0-C075-4A49-A680-78354E4E6FEC} = {D86DB7CF-3B9C-49DB-A78E-678632AA7AAE}
		{50D3F0CE-4594-4F84-ABF4-44919B7FF37C} = {D86DB7CF-3B9C-49DB-A78E-678632AA7AAE}
		{86713C59-9D04-4A3B-A8E5-E0F539B09CCE} = {D86DB7CF-3B9C-49DB-A78E-678632AA7AAE}
		{E27510CB-F8BF-437D-B397-63C258B3A87E} = {12B2B30C-7ABF-4807-A815-33806E5EBBF2}
		{002C6514-F9F2-4A09-97CA-C857766C05C5} = {12B2B30C-7ABF-4807-A815-33806E5EBBF2}
	EndGlobalSection
	GlobalSection(ExtensibilityGlobals) = postSolution
		SolutionGuid = {1AE9797C-15DB-4834-B5BD-31DDC5DF2167}
	EndGlobalSection
EndGlobal
